
Microsoft Visual Studio Solution File, Format Version 12.00
# Visual Studio Version 16
VisualStudioVersion = 16.0.32802.440
MinimumVisualStudioVersion = 10.0.40219.1
Project("{8BC9CEB8-8B4A-11D0-8D11-00A0C91BC942}") = "Project_3", "Project_3\Project_3.vcxproj", "{DE90A314-5F5D-4ACB-84A0-AD0021F3F566}"
EndProject
Global
	GlobalSection(SolutionConfigurationPlatforms) = preSolution
		Debug|x64 = Debug|x64
		Debug|x86 = Debug|x86
		Release|x64 = Release|x64
		Release|x86 = Release|x86
	EndGlobalSection
	GlobalSection(ProjectConfigurationPlatforms) = postSolution
		{DE90A314-5F5D-4ACB-84A0-AD0021F3F566}.Debug|x64.ActiveCfg = Debug|x64
		{DE90A314-5F5D-4ACB-84A0-AD0021F3F566}.Debug|x64.Build.0 = Debug|x64
		{DE90A314-5F5D-4ACB-84A0-AD0021F3F566}.Debug|x86.ActiveCfg = Debug|Win32
		{DE90A314-5F5D-4ACB-84A0-AD0021F3F566}.Debug|x86.Build.0 = Debug|Win32
		{DE90A314-5F5D-4ACB-84A0-AD0021F3F566}.Release|x64.ActiveCfg = Release|x64
		{DE90A314-5F5D-4ACB-84A0-AD0021F3F566}.Release|x64.Build.0 = Release|x64
		{DE90A314-5F5D-4ACB-84A0-AD0021F3F566}.Release|x86.ActiveCfg = Release|Win32
		{DE90A314-5F5D-4ACB-84A0-AD0021F3F566}.Release|x86.Build.0 = Release|Win32
	EndGlobalSection
	GlobalSection(SolutionProperties) = preSolution
		HideSolutionNode = FALSE
	EndGlobalSection
	GlobalSection(ExtensibilityGlobals) = postSolution
		SolutionGuid = {CFF0B313-5638-47AC-A74B-9B33DCF622F3}
	EndGlobalSection
EndGlobal
